// !$*UTF8*$!
{
	archiveVersion = 1;
	classes = {
	};
	objectVersion = 55;
	objects = {

/* Begin PBXBuildFile section */
		031A7DF5291D4D220062EAFD /* ItemDeCompra.swift in Sources */ = {isa = PBXBuildFile; fileRef = 031A7DF4291D4D220062EAFD /* ItemDeCompra.swift */; };
		031A7DF7291D4D640062EAFD /* CarrinhoDeCompras.swift in Sources */ = {isa = PBXBuildFile; fileRef = 031A7DF6291D4D640062EAFD /* CarrinhoDeCompras.swift */; };
		031A7DF9291D50160062EAFD /* ItemDeCompraViewCell.swift in Sources */ = {isa = PBXBuildFile; fileRef = 031A7DF8291D50160062EAFD /* ItemDeCompraViewCell.swift */; };
		03C4182A291D7B4100C3A48B /* Formatter.swift in Sources */ = {isa = PBXBuildFile; fileRef = 03C41829291D7B4100C3A48B /* Formatter.swift */; };
		03CC2B32291C19E4003B7AA8 /* Preco.swift in Sources */ = {isa = PBXBuildFile; fileRef = 03CC2B31291C19E4003B7AA8 /* Preco.swift */; };
		03CC2B35291C1C7E003B7AA8 /* BookDetailsViewController.swift in Sources */ = {isa = PBXBuildFile; fileRef = 03CC2B34291C1C7E003B7AA8 /* BookDetailsViewController.swift */; };
		03CC2B38291C1F02003B7AA8 /* TipoDeLivroViewCell.swift in Sources */ = {isa = PBXBuildFile; fileRef = 03CC2B37291C1F02003B7AA8 /* TipoDeLivroViewCell.swift */; };
		03CC2B3A291C271C003B7AA8 /* BookDetailsTableHeaderView.swift in Sources */ = {isa = PBXBuildFile; fileRef = 03CC2B39291C271C003B7AA8 /* BookDetailsTableHeaderView.swift */; };
		03CC2B3C291C42CF003B7AA8 /* BookDetailsTableFooterView.swift in Sources */ = {isa = PBXBuildFile; fileRef = 03CC2B3B291C42CF003B7AA8 /* BookDetailsTableFooterView.swift */; };
		03CC2B3F291C5349003B7AA8 /* CarrinhoDeComprasViewController.swift in Sources */ = {isa = PBXBuildFile; fileRef = 03CC2B3E291C5349003B7AA8 /* CarrinhoDeComprasViewController.swift */; };
		583A3A06287847E8002C6288 /* SectionTitleView.swift in Sources */ = {isa = PBXBuildFile; fileRef = 583A3A05287847E8002C6288 /* SectionTitleView.swift */; };
		583A3A0828784C57002C6288 /* CarrinhoSectionHeaderView.swift in Sources */ = {isa = PBXBuildFile; fileRef = 583A3A0728784C57002C6288 /* CarrinhoSectionHeaderView.swift */; };
		5840B53728646180000FA9FC /* AppDelegate.swift in Sources */ = {isa = PBXBuildFile; fileRef = 5840B53628646180000FA9FC /* AppDelegate.swift */; };
		5840B53928646180000FA9FC /* SceneDelegate.swift in Sources */ = {isa = PBXBuildFile; fileRef = 5840B53828646180000FA9FC /* SceneDelegate.swift */; };
		5840B53E28646180000FA9FC /* Main.storyboard in Resources */ = {isa = PBXBuildFile; fileRef = 5840B53C28646180000FA9FC /* Main.storyboard */; };
		5840B54028646186000FA9FC /* Assets.xcassets in Resources */ = {isa = PBXBuildFile; fileRef = 5840B53F28646186000FA9FC /* Assets.xcassets */; };
		5840B54328646186000FA9FC /* LaunchScreen.storyboard in Resources */ = {isa = PBXBuildFile; fileRef = 5840B54128646186000FA9FC /* LaunchScreen.storyboard */; };
		5840B54B28646211000FA9FC /* Theme.swift in Sources */ = {isa = PBXBuildFile; fileRef = 5840B54A28646211000FA9FC /* Theme.swift */; };
		5840B54F286462A3000FA9FC /* LivrosAPI.swift in Sources */ = {isa = PBXBuildFile; fileRef = 5840B54E286462A3000FA9FC /* LivrosAPI.swift */; };
		5840B551286462C0000FA9FC /* Autor.swift in Sources */ = {isa = PBXBuildFile; fileRef = 5840B550286462C0000FA9FC /* Autor.swift */; };
		5840B553286462D4000FA9FC /* Livro.swift in Sources */ = {isa = PBXBuildFile; fileRef = 5840B552286462D4000FA9FC /* Livro.swift */; };
		5840B55B2864643F000FA9FC /* LivrosListViewController.swift in Sources */ = {isa = PBXBuildFile; fileRef = 5840B55A2864643F000FA9FC /* LivrosListViewController.swift */; };
		5840B55E2864660F000FA9FC /* LivroCollectionViewCell.swift in Sources */ = {isa = PBXBuildFile; fileRef = 5840B55D2864660F000FA9FC /* LivroCollectionViewCell.swift */; };
		5840B5602864669C000FA9FC /* LivroSectionHeaderView.swift in Sources */ = {isa = PBXBuildFile; fileRef = 5840B55F2864669C000FA9FC /* LivroSectionHeaderView.swift */; };
/* End PBXBuildFile section */

/* Begin PBXFileReference section */
		031A7DF4291D4D220062EAFD /* ItemDeCompra.swift */ = {isa = PBXFileReference; lastKnownFileType = sourcecode.swift; path = ItemDeCompra.swift; sourceTree = "<group>"; };
		031A7DF6291D4D640062EAFD /* CarrinhoDeCompras.swift */ = {isa = PBXFileReference; lastKnownFileType = sourcecode.swift; path = CarrinhoDeCompras.swift; sourceTree = "<group>"; };
		031A7DF8291D50160062EAFD /* ItemDeCompraViewCell.swift */ = {isa = PBXFileReference; lastKnownFileType = sourcecode.swift; path = ItemDeCompraViewCell.swift; sourceTree = "<group>"; };
		03C41829291D7B4100C3A48B /* Formatter.swift */ = {isa = PBXFileReference; lastKnownFileType = sourcecode.swift; path = Formatter.swift; sourceTree = "<group>"; };
		03CC2B31291C19E4003B7AA8 /* Preco.swift */ = {isa = PBXFileReference; lastKnownFileType = sourcecode.swift; path = Preco.swift; sourceTree = "<group>"; };
		03CC2B34291C1C7E003B7AA8 /* BookDetailsViewController.swift */ = {isa = PBXFileReference; lastKnownFileType = sourcecode.swift; path = BookDetailsViewController.swift; sourceTree = "<group>"; };
		03CC2B37291C1F02003B7AA8 /* TipoDeLivroViewCell.swift */ = {isa = PBXFileReference; lastKnownFileType = sourcecode.swift; path = TipoDeLivroViewCell.swift; sourceTree = "<group>"; };
		03CC2B39291C271C003B7AA8 /* BookDetailsTableHeaderView.swift */ = {isa = PBXFileReference; lastKnownFileType = sourcecode.swift; path = BookDetailsTableHeaderView.swift; sourceTree = "<group>"; };
		03CC2B3B291C42CF003B7AA8 /* BookDetailsTableFooterView.swift */ = {isa = PBXFileReference; lastKnownFileType = sourcecode.swift; path = BookDetailsTableFooterView.swift; sourceTree = "<group>"; };
		03CC2B3E291C5349003B7AA8 /* CarrinhoDeComprasViewController.swift */ = {isa = PBXFileReference; lastKnownFileType = sourcecode.swift; path = CarrinhoDeComprasViewController.swift; sourceTree = "<group>"; };
		583A3A05287847E8002C6288 /* SectionTitleView.swift */ = {isa = PBXFileReference; lastKnownFileType = sourcecode.swift; path = SectionTitleView.swift; sourceTree = "<group>"; };
		583A3A0728784C57002C6288 /* CarrinhoSectionHeaderView.swift */ = {isa = PBXFileReference; lastKnownFileType = sourcecode.swift; path = CarrinhoSectionHeaderView.swift; sourceTree = "<group>"; };
		5840B53328646180000FA9FC /* LearningTask-8.3.app */ = {isa = PBXFileReference; explicitFileType = wrapper.application; includeInIndex = 0; path = "LearningTask-8.3.app"; sourceTree = BUILT_PRODUCTS_DIR; };
		5840B53628646180000FA9FC /* AppDelegate.swift */ = {isa = PBXFileReference; lastKnownFileType = sourcecode.swift; path = AppDelegate.swift; sourceTree = "<group>"; };
		5840B53828646180000FA9FC /* SceneDelegate.swift */ = {isa = PBXFileReference; lastKnownFileType = sourcecode.swift; path = SceneDelegate.swift; sourceTree = "<group>"; };
		5840B53D28646180000FA9FC /* Base */ = {isa = PBXFileReference; lastKnownFileType = file.storyboard; name = Base; path = Base.lproj/Main.storyboard; sourceTree = "<group>"; };
		5840B53F28646186000FA9FC /* Assets.xcassets */ = {isa = PBXFileReference; lastKnownFileType = folder.assetcatalog; path = Assets.xcassets; sourceTree = "<group>"; };
		5840B54228646186000FA9FC /* Base */ = {isa = PBXFileReference; lastKnownFileType = file.storyboard; name = Base; path = Base.lproj/LaunchScreen.storyboard; sourceTree = "<group>"; };
		5840B54428646186000FA9FC /* Info.plist */ = {isa = PBXFileReference; lastKnownFileType = text.plist.xml; path = Info.plist; sourceTree = "<group>"; };
		5840B54A28646211000FA9FC /* Theme.swift */ = {isa = PBXFileReference; lastKnownFileType = sourcecode.swift; path = Theme.swift; sourceTree = "<group>"; };
		5840B54E286462A3000FA9FC /* LivrosAPI.swift */ = {isa = PBXFileReference; lastKnownFileType = sourcecode.swift; path = LivrosAPI.swift; sourceTree = "<group>"; };
		5840B550286462C0000FA9FC /* Autor.swift */ = {isa = PBXFileReference; lastKnownFileType = sourcecode.swift; path = Autor.swift; sourceTree = "<group>"; };
		5840B552286462D4000FA9FC /* Livro.swift */ = {isa = PBXFileReference; lastKnownFileType = sourcecode.swift; path = Livro.swift; sourceTree = "<group>"; };
		5840B55A2864643F000FA9FC /* LivrosListViewController.swift */ = {isa = PBXFileReference; lastKnownFileType = sourcecode.swift; path = LivrosListViewController.swift; sourceTree = "<group>"; };
		5840B55D2864660F000FA9FC /* LivroCollectionViewCell.swift */ = {isa = PBXFileReference; lastKnownFileType = sourcecode.swift; path = LivroCollectionViewCell.swift; sourceTree = "<group>"; };
		5840B55F2864669C000FA9FC /* LivroSectionHeaderView.swift */ = {isa = PBXFileReference; lastKnownFileType = sourcecode.swift; path = LivroSectionHeaderView.swift; sourceTree = "<group>"; };
/* End PBXFileReference section */

/* Begin PBXFrameworksBuildPhase section */
		5840B53028646180000FA9FC /* Frameworks */ = {
			isa = PBXFrameworksBuildPhase;
			buildActionMask = 2147483647;
			files = (
			);
			runOnlyForDeploymentPostprocessing = 0;
		};
/* End PBXFrameworksBuildPhase section */

/* Begin PBXGroup section */
		031A7DF3291D47C00062EAFD /* View */ = {
			isa = PBXGroup;
			children = (
				583A3A0728784C57002C6288 /* CarrinhoSectionHeaderView.swift */,
				031A7DF8291D50160062EAFD /* ItemDeCompraViewCell.swift */,
			);
			path = View;
			sourceTree = "<group>";
		};
		03C41828291D7B2F00C3A48B /* Commons */ = {
			isa = PBXGroup;
			children = (
				03C41829291D7B4100C3A48B /* Formatter.swift */,
			);
			path = Commons;
			sourceTree = "<group>";
		};
		03CC2B33291C1C2B003B7AA8 /* DetalhesDoLivro */ = {
			isa = PBXGroup;
			children = (
				03CC2B34291C1C7E003B7AA8 /* BookDetailsViewController.swift */,
				03CC2B36291C1EC3003B7AA8 /* View */,
			);
			path = DetalhesDoLivro;
			sourceTree = "<group>";
		};
		03CC2B36291C1EC3003B7AA8 /* View */ = {
			isa = PBXGroup;
			children = (
				03CC2B37291C1F02003B7AA8 /* TipoDeLivroViewCell.swift */,
				03CC2B39291C271C003B7AA8 /* BookDetailsTableHeaderView.swift */,
				03CC2B3B291C42CF003B7AA8 /* BookDetailsTableFooterView.swift */,
			);
			path = View;
			sourceTree = "<group>";
		};
		03CC2B3D291C532F003B7AA8 /* CarrinhoDeCompras */ = {
			isa = PBXGroup;
			children = (
				03CC2B3E291C5349003B7AA8 /* CarrinhoDeComprasViewController.swift */,
				031A7DF3291D47C00062EAFD /* View */,
			);
			path = CarrinhoDeCompras;
			sourceTree = "<group>";
		};
		583A3A04287847C8002C6288 /* Componentes */ = {
			isa = PBXGroup;
			children = (
				583A3A05287847E8002C6288 /* SectionTitleView.swift */,
			);
			path = Componentes;
			sourceTree = "<group>";
		};
		5840B52A28646180000FA9FC = {
			isa = PBXGroup;
			children = (
				5840B53528646180000FA9FC /* LearningTask-8.3 */,
				5840B53428646180000FA9FC /* Products */,
			);
			sourceTree = "<group>";
		};
		5840B53428646180000FA9FC /* Products */ = {
			isa = PBXGroup;
			children = (
				5840B53328646180000FA9FC /* LearningTask-8.3.app */,
			);
			name = Products;
			sourceTree = "<group>";
		};
		5840B53528646180000FA9FC /* LearningTask-8.3 */ = {
			isa = PBXGroup;
			children = (
				03C41828291D7B2F00C3A48B /* Commons */,
				5840B55828646384000FA9FC /* Supportive Files */,
				5840B53F28646186000FA9FC /* Assets.xcassets */,
				5840B55728646381000FA9FC /* API */,
				5840B5562864637C000FA9FC /* Models */,
				5840B55428646372000FA9FC /* View */,
				5840B55528646377000FA9FC /* Scenes */,
			);
			path = "LearningTask-8.3";
			sourceTree = "<group>";
		};
		5840B55428646372000FA9FC /* View */ = {
			isa = PBXGroup;
			children = (
				5840B53C28646180000FA9FC /* Main.storyboard */,
				583A3A04287847C8002C6288 /* Componentes */,
			);
			path = View;
			sourceTree = "<group>";
		};
		5840B55528646377000FA9FC /* Scenes */ = {
			isa = PBXGroup;
			children = (
				5840B55928646428000FA9FC /* ListaDeLivros */,
				03CC2B33291C1C2B003B7AA8 /* DetalhesDoLivro */,
				03CC2B3D291C532F003B7AA8 /* CarrinhoDeCompras */,
			);
			path = Scenes;
			sourceTree = "<group>";
		};
		5840B5562864637C000FA9FC /* Models */ = {
			isa = PBXGroup;
			children = (
				5840B550286462C0000FA9FC /* Autor.swift */,
				5840B552286462D4000FA9FC /* Livro.swift */,
				03CC2B31291C19E4003B7AA8 /* Preco.swift */,
				031A7DF4291D4D220062EAFD /* ItemDeCompra.swift */,
				031A7DF6291D4D640062EAFD /* CarrinhoDeCompras.swift */,
			);
			path = Models;
			sourceTree = "<group>";
		};
		5840B55728646381000FA9FC /* API */ = {
			isa = PBXGroup;
			children = (
				5840B54E286462A3000FA9FC /* LivrosAPI.swift */,
			);
			path = API;
			sourceTree = "<group>";
		};
		5840B55828646384000FA9FC /* Supportive Files */ = {
			isa = PBXGroup;
			children = (
				5840B53628646180000FA9FC /* AppDelegate.swift */,
				5840B53828646180000FA9FC /* SceneDelegate.swift */,
				5840B54A28646211000FA9FC /* Theme.swift */,
				5840B54128646186000FA9FC /* LaunchScreen.storyboard */,
				5840B54428646186000FA9FC /* Info.plist */,
			);
			name = "Supportive Files";
			sourceTree = "<group>";
		};
		5840B55928646428000FA9FC /* ListaDeLivros */ = {
			isa = PBXGroup;
			children = (
				5840B55A2864643F000FA9FC /* LivrosListViewController.swift */,
				5840B55C286465FB000FA9FC /* View */,
			);
			path = ListaDeLivros;
			sourceTree = "<group>";
		};
		5840B55C286465FB000FA9FC /* View */ = {
			isa = PBXGroup;
			children = (
				5840B55D2864660F000FA9FC /* LivroCollectionViewCell.swift */,
				5840B55F2864669C000FA9FC /* LivroSectionHeaderView.swift */,
			);
			path = View;
			sourceTree = "<group>";
		};
/* End PBXGroup section */

/* Begin PBXNativeTarget section */
		5840B53228646180000FA9FC /* LearningTask-8.3 */ = {
			isa = PBXNativeTarget;
			buildConfigurationList = 5840B54728646186000FA9FC /* Build configuration list for PBXNativeTarget "LearningTask-8.3" */;
			buildPhases = (
				5840B52F28646180000FA9FC /* Sources */,
				5840B53028646180000FA9FC /* Frameworks */,
				5840B53128646180000FA9FC /* Resources */,
			);
			buildRules = (
			);
			dependencies = (
			);
			name = "LearningTask-8.3";
			productName = "LearningTask-8.3";
			productReference = 5840B53328646180000FA9FC /* LearningTask-8.3.app */;
			productType = "com.apple.product-type.application";
		};
/* End PBXNativeTarget section */

/* Begin PBXProject section */
		5840B52B28646180000FA9FC /* Project object */ = {
			isa = PBXProject;
			attributes = {
				BuildIndependentTargetsInParallel = 1;
				LastSwiftUpdateCheck = 1340;
				LastUpgradeCheck = 1340;
				TargetAttributes = {
					5840B53228646180000FA9FC = {
						CreatedOnToolsVersion = 13.4.1;
					};
				};
			};
			buildConfigurationList = 5840B52E28646180000FA9FC /* Build configuration list for PBXProject "LearningTask-8.3" */;
			compatibilityVersion = "Xcode 13.0";
			developmentRegion = en;
			hasScannedForEncodings = 0;
			knownRegions = (
				en,
				Base,
			);
			mainGroup = 5840B52A28646180000FA9FC;
			productRefGroup = 5840B53428646180000FA9FC /* Products */;
			projectDirPath = "";
			projectRoot = "";
			targets = (
				5840B53228646180000FA9FC /* LearningTask-8.3 */,
			);
		};
/* End PBXProject section */

/* Begin PBXResourcesBuildPhase section */
		5840B53128646180000FA9FC /* Resources */ = {
			isa = PBXResourcesBuildPhase;
			buildActionMask = 2147483647;
			files = (
				5840B54328646186000FA9FC /* LaunchScreen.storyboard in Resources */,
				5840B54028646186000FA9FC /* Assets.xcassets in Resources */,
				5840B53E28646180000FA9FC /* Main.storyboard in Resources */,
			);
			runOnlyForDeploymentPostprocessing = 0;
		};
/* End PBXResourcesBuildPhase section */

/* Begin PBXSourcesBuildPhase section */
		5840B52F28646180000FA9FC /* Sources */ = {
			isa = PBXSourcesBuildPhase;
			buildActionMask = 2147483647;
			files = (
				03CC2B3F291C5349003B7AA8 /* CarrinhoDeComprasViewController.swift in Sources */,
				5840B551286462C0000FA9FC /* Autor.swift in Sources */,
				583A3A0828784C57002C6288 /* CarrinhoSectionHeaderView.swift in Sources */,
				03C4182A291D7B4100C3A48B /* Formatter.swift in Sources */,
				03CC2B35291C1C7E003B7AA8 /* BookDetailsViewController.swift in Sources */,
				5840B553286462D4000FA9FC /* Livro.swift in Sources */,
				5840B55B2864643F000FA9FC /* LivrosListViewController.swift in Sources */,
				583A3A06287847E8002C6288 /* SectionTitleView.swift in Sources */,
				031A7DF7291D4D640062EAFD /* CarrinhoDeCompras.swift in Sources */,
				03CC2B38291C1F02003B7AA8 /* TipoDeLivroViewCell.swift in Sources */,
				5840B54F286462A3000FA9FC /* LivrosAPI.swift in Sources */,
				031A7DF9291D50160062EAFD /* ItemDeCompraViewCell.swift in Sources */,
				5840B54B28646211000FA9FC /* Theme.swift in Sources */,
				03CC2B32291C19E4003B7AA8 /* Preco.swift in Sources */,
				5840B53728646180000FA9FC /* AppDelegate.swift in Sources */,
				03CC2B3A291C271C003B7AA8 /* BookDetailsTableHeaderView.swift in Sources */,
				031A7DF5291D4D220062EAFD /* ItemDeCompra.swift in Sources */,
				03CC2B3C291C42CF003B7AA8 /* BookDetailsTableFooterView.swift in Sources */,
				5840B53928646180000FA9FC /* SceneDelegate.swift in Sources */,
				5840B55E2864660F000FA9FC /* LivroCollectionViewCell.swift in Sources */,
				5840B5602864669C000FA9FC /* LivroSectionHeaderView.swift in Sources */,
			);
			runOnlyForDeploymentPostprocessing = 0;
		};
/* End PBXSourcesBuildPhase section */

/* Begin PBXVariantGroup section */
		5840B53C28646180000FA9FC /* Main.storyboard */ = {
			isa = PBXVariantGroup;
			children = (
				5840B53D28646180000FA9FC /* Base */,
			);
			name = Main.storyboard;
			sourceTree = "<group>";
		};
		5840B54128646186000FA9FC /* LaunchScreen.storyboard */ = {
			isa = PBXVariantGroup;
			children = (
				5840B54228646186000FA9FC /* Base */,
			);
			name = LaunchScreen.storyboard;
			sourceTree = "<group>";
		};
/* End PBXVariantGroup section */

/* Begin XCBuildConfiguration section */
		5840B54528646186000FA9FC /* Debug */ = {
			isa = XCBuildConfiguration;
			buildSettings = {
				ALWAYS_SEARCH_USER_PATHS = NO;
				CLANG_ANALYZER_NONNULL = YES;
				CLANG_ANALYZER_NUMBER_OBJECT_CONVERSION = YES_AGGRESSIVE;
				CLANG_CXX_LANGUAGE_STANDARD = "gnu++17";
				CLANG_ENABLE_MODULES = YES;
				CLANG_ENABLE_OBJC_ARC = YES;
				CLANG_ENABLE_OBJC_WEAK = YES;
				CLANG_WARN_BLOCK_CAPTURE_AUTORELEASING = YES;
				CLANG_WARN_BOOL_CONVERSION = YES;
				CLANG_WARN_COMMA = YES;
				CLANG_WARN_CONSTANT_CONVERSION = YES;
				CLANG_WARN_DEPRECATED_OBJC_IMPLEMENTATIONS = YES;
				CLANG_WARN_DIRECT_OBJC_ISA_USAGE = YES_ERROR;
				CLANG_WARN_DOCUMENTATION_COMMENTS = YES;
				CLANG_WARN_EMPTY_BODY = YES;
				CLANG_WARN_ENUM_CONVERSION = YES;
				CLANG_WARN_INFINITE_RECURSION = YES;
				CLANG_WARN_INT_CONVERSION = YES;
				CLANG_WARN_NON_LITERAL_NULL_CONVERSION = YES;
				CLANG_WARN_OBJC_IMPLICIT_RETAIN_SELF = YES;
				CLANG_WARN_OBJC_LITERAL_CONVERSION = YES;
				CLANG_WARN_OBJC_ROOT_CLASS = YES_ERROR;
				CLANG_WARN_QUOTED_INCLUDE_IN_FRAMEWORK_HEADER = YES;
				CLANG_WARN_RANGE_LOOP_ANALYSIS = YES;
				CLANG_WARN_STRICT_PROTOTYPES = YES;
				CLANG_WARN_SUSPICIOUS_MOVE = YES;
				CLANG_WARN_UNGUARDED_AVAILABILITY = YES_AGGRESSIVE;
				CLANG_WARN_UNREACHABLE_CODE = YES;
				CLANG_WARN__DUPLICATE_METHOD_MATCH = YES;
				COPY_PHASE_STRIP = NO;
				DEBUG_INFORMATION_FORMAT = dwarf;
				ENABLE_STRICT_OBJC_MSGSEND = YES;
				ENABLE_TESTABILITY = YES;
				GCC_C_LANGUAGE_STANDARD = gnu11;
				GCC_DYNAMIC_NO_PIC = NO;
				GCC_NO_COMMON_BLOCKS = YES;
				GCC_OPTIMIZATION_LEVEL = 0;
				GCC_PREPROCESSOR_DEFINITIONS = (
					"DEBUG=1",
					"$(inherited)",
				);
				GCC_WARN_64_TO_32_BIT_CONVERSION = YES;
				GCC_WARN_ABOUT_RETURN_TYPE = YES_ERROR;
				GCC_WARN_UNDECLARED_SELECTOR = YES;
				GCC_WARN_UNINITIALIZED_AUTOS = YES_AGGRESSIVE;
				GCC_WARN_UNUSED_FUNCTION = YES;
				GCC_WARN_UNUSED_VARIABLE = YES;
				IPHONEOS_DEPLOYMENT_TARGET = 15.5;
				MTL_ENABLE_DEBUG_INFO = INCLUDE_SOURCE;
				MTL_FAST_MATH = YES;
				ONLY_ACTIVE_ARCH = YES;
				SDKROOT = iphoneos;
				SWIFT_ACTIVE_COMPILATION_CONDITIONS = DEBUG;
				SWIFT_OPTIMIZATION_LEVEL = "-Onone";
			};
			name = Debug;
		};
		5840B54628646186000FA9FC /* Release */ = {
			isa = XCBuildConfiguration;
			buildSettings = {
				ALWAYS_SEARCH_USER_PATHS = NO;
				CLANG_ANALYZER_NONNULL = YES;
				CLANG_ANALYZER_NUMBER_OBJECT_CONVERSION = YES_AGGRESSIVE;
				CLANG_CXX_LANGUAGE_STANDARD = "gnu++17";
				CLANG_ENABLE_MODULES = YES;
				CLANG_ENABLE_OBJC_ARC = YES;
				CLANG_ENABLE_OBJC_WEAK = YES;
				CLANG_WARN_BLOCK_CAPTURE_AUTORELEASING = YES;
				CLANG_WARN_BOOL_CONVERSION = YES;
				CLANG_WARN_COMMA = YES;
				CLANG_WARN_CONSTANT_CONVERSION = YES;
				CLANG_WARN_DEPRECATED_OBJC_IMPLEMENTATIONS = YES;
				CLANG_WARN_DIRECT_OBJC_ISA_USAGE = YES_ERROR;
				CLANG_WARN_DOCUMENTATION_COMMENTS = YES;
				CLANG_WARN_EMPTY_BODY = YES;
				CLANG_WARN_ENUM_CONVERSION = YES;
				CLANG_WARN_INFINITE_RECURSION = YES;
				CLANG_WARN_INT_CONVERSION = YES;
				CLANG_WARN_NON_LITERAL_NULL_CONVERSION = YES;
				CLANG_WARN_OBJC_IMPLICIT_RETAIN_SELF = YES;
				CLANG_WARN_OBJC_LITERAL_CONVERSION = YES;
				CLANG_WARN_OBJC_ROOT_CLASS = YES_ERROR;
				CLANG_WARN_QUOTED_INCLUDE_IN_FRAMEWORK_HEADER = YES;
				CLANG_WARN_RANGE_LOOP_ANALYSIS = YES;
				CLANG_WARN_STRICT_PROTOTYPES = YES;
				CLANG_WARN_SUSPICIOUS_MOVE = YES;
				CLANG_WARN_UNGUARDED_AVAILABILITY = YES_AGGRESSIVE;
				CLANG_WARN_UNREACHABLE_CODE = YES;
				CLANG_WARN__DUPLICATE_METHOD_MATCH = YES;
				COPY_PHASE_STRIP = NO;
				DEBUG_INFORMATION_FORMAT = "dwarf-with-dsym";
				ENABLE_NS_ASSERTIONS = NO;
				ENABLE_STRICT_OBJC_MSGSEND = YES;
				GCC_C_LANGUAGE_STANDARD = gnu11;
				GCC_NO_COMMON_BLOCKS = YES;
				GCC_WARN_64_TO_32_BIT_CONVERSION = YES;
				GCC_WARN_ABOUT_RETURN_TYPE = YES_ERROR;
				GCC_WARN_UNDECLARED_SELECTOR = YES;
				GCC_WARN_UNINITIALIZED_AUTOS = YES_AGGRESSIVE;
				GCC_WARN_UNUSED_FUNCTION = YES;
				GCC_WARN_UNUSED_VARIABLE = YES;
				IPHONEOS_DEPLOYMENT_TARGET = 15.5;
				MTL_ENABLE_DEBUG_INFO = NO;
				MTL_FAST_MATH = YES;
				SDKROOT = iphoneos;
				SWIFT_COMPILATION_MODE = wholemodule;
				SWIFT_OPTIMIZATION_LEVEL = "-O";
				VALIDATE_PRODUCT = YES;
			};
			name = Release;
		};
		5840B54828646186000FA9FC /* Debug */ = {
			isa = XCBuildConfiguration;
			buildSettings = {
				ASSETCATALOG_COMPILER_APPICON_NAME = AppIcon;
				ASSETCATALOG_COMPILER_GLOBAL_ACCENT_COLOR_NAME = AccentColor;
				CODE_SIGN_STYLE = Automatic;
				CURRENT_PROJECT_VERSION = 1;
				GENERATE_INFOPLIST_FILE = YES;
				INFOPLIST_FILE = "LearningTask-8.3/Info.plist";
				INFOPLIST_KEY_UIApplicationSupportsIndirectInputEvents = YES;
				INFOPLIST_KEY_UILaunchStoryboardName = LaunchScreen;
				INFOPLIST_KEY_UIMainStoryboardFile = Main;
				INFOPLIST_KEY_UISupportedInterfaceOrientations_iPad = "UIInterfaceOrientationPortrait UIInterfaceOrientationPortraitUpsideDown UIInterfaceOrientationLandscapeLeft UIInterfaceOrientationLandscapeRight";
				INFOPLIST_KEY_UISupportedInterfaceOrientations_iPhone = "UIInterfaceOrientationPortrait UIInterfaceOrientationLandscapeLeft UIInterfaceOrientationLandscapeRight";
				LD_RUNPATH_SEARCH_PATHS = (
					"$(inherited)",
					"@executable_path/Frameworks",
				);
				MARKETING_VERSION = 1.0;
				PRODUCT_BUNDLE_IDENTIFIER = "br.com.zup.LearningTask-8-3";
				PRODUCT_NAME = "$(TARGET_NAME)";
				SWIFT_EMIT_LOC_STRINGS = YES;
				SWIFT_VERSION = 5.0;
				TARGETED_DEVICE_FAMILY = "1,2";
			};
			name = Debug;
		};
		5840B54928646186000FA9FC /* Release */ = {
			isa = XCBuildConfiguration;
			buildSettings = {
				ASSETCATALOG_COMPILER_APPICON_NAME = AppIcon;
				ASSETCATALOG_COMPILER_GLOBAL_ACCENT_COLOR_NAME = AccentColor;
				CODE_SIGN_STYLE = Automatic;
				CURRENT_PROJECT_VERSION = 1;
				GENERATE_INFOPLIST_FILE = YES;
				INFOPLIST_FILE = "LearningTask-8.3/Info.plist";
				INFOPLIST_KEY_UIApplicationSupportsIndirectInputEvents = YES;
				INFOPLIST_KEY_UILaunchStoryboardName = LaunchScreen;
				INFOPLIST_KEY_UIMainStoryboardFile = Main;
				INFOPLIST_KEY_UISupportedInterfaceOrientations_iPad = "UIInterfaceOrientationPortrait UIInterfaceOrientationPortraitUpsideDown UIInterfaceOrientationLandscapeLeft UIInterfaceOrientationLandscapeRight";
				INFOPLIST_KEY_UISupportedInterfaceOrientations_iPhone = "UIInterfaceOrientationPortrait UIInterfaceOrientationLandscapeLeft UIInterfaceOrientationLandscapeRight";
				LD_RUNPATH_SEARCH_PATHS = (
					"$(inherited)",
					"@executable_path/Frameworks",
				);
				MARKETING_VERSION = 1.0;
				PRODUCT_BUNDLE_IDENTIFIER = "br.com.zup.LearningTask-8-3";
				PRODUCT_NAME = "$(TARGET_NAME)";
				SWIFT_EMIT_LOC_STRINGS = YES;
				SWIFT_VERSION = 5.0;
				TARGETED_DEVICE_FAMILY = "1,2";
			};
			name = Release;
		};
/* End XCBuildConfiguration section */

/* Begin XCConfigurationList section */
		5840B52E28646180000FA9FC /* Build configuration list for PBXProject "LearningTask-8.3" */ = {
			isa = XCConfigurationList;
			buildConfigurations = (
				5840B54528646186000FA9FC /* Debug */,
				5840B54628646186000FA9FC /* Release */,
			);
			defaultConfigurationIsVisible = 0;
			defaultConfigurationName = Release;
		};
		5840B54728646186000FA9FC /* Build configuration list for PBXNativeTarget "LearningTask-8.3" */ = {
			isa = XCConfigurationList;
			buildConfigurations = (
				5840B54828646186000FA9FC /* Debug */,
				5840B54928646186000FA9FC /* Release */,
			);
			defaultConfigurationIsVisible = 0;
			defaultConfigurationName = Release;
		};
/* End XCConfigurationList section */
	};
	rootObject = 5840B52B28646180000FA9FC /* Project object */;
}
